
Microsoft Visual Studio Solution File, Format Version 12.00
# Visual Studio Version 16
VisualStudioVersion = 16.0.30804.86
MinimumVisualStudioVersion = 10.0.40219.1
Project("{FAE04EC0-301F-11D3-BF4B-00C04F79EFBC}") = "DataFormatterCSharp", "DataFormatterCSharp\DataFormatterCSharp.csproj", "{52C52B55-9EE7-4134-BAD2-B4FA633EF52C}"
EndProject
Global
	GlobalSection(SolutionConfigurationPlatforms) = preSolution
		Debug|Any CPU = Debug|Any CPU
		Release|Any CPU = Release|Any CPU
	EndGlobalSection
	GlobalSection(ProjectConfigurationPlatforms) = postSolution
		{52C52B55-9EE7-4134-BAD2-B4FA633EF52C}.Debug|Any CPU.ActiveCfg = Debug|Any CPU
		{52C52B55-9EE7-4134-BAD2-B4FA633EF52C}.Debug|Any CPU.Build.0 = Debug|Any CPU
		{52C52B55-9EE7-4134-BAD2-B4FA633EF52C}.Release|Any CPU.ActiveCfg = Release|Any CPU
		{52C52B55-9EE7-4134-BAD2-B4FA633EF52C}.Release|Any CPU.Build.0 = Release|Any CPU
	EndGlobalSection
	GlobalSection(SolutionProperties) = preSolution
		HideSolutionNode = FALSE
	EndGlobalSection
	GlobalSection(ExtensibilityGlobals) = postSolution
		SolutionGuid = {40AC290B-AAFE-44BF-A36C-1734F74692D7}
	EndGlobalSection
EndGlobal
